<Solution>
  <Project Path="DevExplorer.Api/DevExplorer.Api.csproj" />
  <Project Path="DevExplorer.Domain/DevExplorer.Domain.csproj" Id="d5a05f82-1bab-4e29-9fff-4c57a60cb2f1" />
  <Project Path="DevExplorer.Infrastructure/DevExplorer.Infrastructure.csproj" Id="92650ac9-bec8-40c3-9350-dfc7899700f5" />
  <Project Path="DevExplorer.Tests/DevExplorer.Tests.csproj" Id="5d1d24af-3f73-496b-b091-3d249154067d" />
</Solution>
